// !$*UTF8*$!
{
	archiveVersion = 1;
	classes = {
	};
	objectVersion = 51;
	objects = {

/* Begin PBXBuildFile section */
		055EF17793F2328C788D6821 /* Pods_GoogleTests.framework in Frameworks */ = {isa = PBXBuildFile; fileRef = D11B43F3AD139DCF5E21BE91 /* Pods_GoogleTests.framework */; };
		0F3279DF084D92F71AEBD65F /* Pods_Google.framework in Frameworks */ = {isa = PBXBuildFile; fileRef = 86B15DA90560736958C3D8B2 /* Pods_Google.framework */; };
		32117593721BAE3C18096A7F /* Pods_Google_GoogleUITests.framework in Frameworks */ = {isa = PBXBuildFile; fileRef = 4B092D34892E46784720D6B4 /* Pods_Google_GoogleUITests.framework */; };
		D7F3883625ED9DA400E84189 /* AppDelegate.swift in Sources */ = {isa = PBXBuildFile; fileRef = D7F3883525ED9DA400E84189 /* AppDelegate.swift */; };
		D7F3883825ED9DA400E84189 /* SceneDelegate.swift in Sources */ = {isa = PBXBuildFile; fileRef = D7F3883725ED9DA400E84189 /* SceneDelegate.swift */; };
		D7F3883A25ED9DA400E84189 /* ViewController.swift in Sources */ = {isa = PBXBuildFile; fileRef = D7F3883925ED9DA400E84189 /* ViewController.swift */; };
		D7F3883D25ED9DA400E84189 /* Main.storyboard in Resources */ = {isa = PBXBuildFile; fileRef = D7F3883B25ED9DA400E84189 /* Main.storyboard */; };
		D7F3883F25ED9DA600E84189 /* Assets.xcassets in Resources */ = {isa = PBXBuildFile; fileRef = D7F3883E25ED9DA600E84189 /* Assets.xcassets */; };
		D7F3884225ED9DA600E84189 /* LaunchScreen.storyboard in Resources */ = {isa = PBXBuildFile; fileRef = D7F3884025ED9DA600E84189 /* LaunchScreen.storyboard */; };
		D7F3884D25ED9DA600E84189 /* GoogleTests.swift in Sources */ = {isa = PBXBuildFile; fileRef = D7F3884C25ED9DA600E84189 /* GoogleTests.swift */; };
		D7F3885825ED9DA600E84189 /* GoogleUITests.swift in Sources */ = {isa = PBXBuildFile; fileRef = D7F3885725ED9DA600E84189 /* GoogleUITests.swift */; };
		D7F3886825EDA00A00E84189 /* GoogleService-Info.plist in Resources */ = {isa = PBXBuildFile; fileRef = D7F3886725EDA00A00E84189 /* GoogleService-Info.plist */; };
/* End PBXBuildFile section */

/* Begin PBXContainerItemProxy section */
		D7F3884925ED9DA600E84189 /* PBXContainerItemProxy */ = {
			isa = PBXContainerItemProxy;
			containerPortal = D7F3882A25ED9DA400E84189 /* Project object */;
			proxyType = 1;
			remoteGlobalIDString = D7F3883125ED9DA400E84189;
			remoteInfo = Google;
		};
		D7F3885425ED9DA600E84189 /* PBXContainerItemProxy */ = {
			isa = PBXContainerItemProxy;
			containerPortal = D7F3882A25ED9DA400E84189 /* Project object */;
			proxyType = 1;
			remoteGlobalIDString = D7F3883125ED9DA400E84189;
			remoteInfo = Google;
		};
/* End PBXContainerItemProxy section */

/* Begin PBXFileReference section */
		09819C10F6A129109119FD33 /* Pods-Google-GoogleUITests.release.xcconfig */ = {isa = PBXFileReference; includeInIndex = 1; lastKnownFileType = text.xcconfig; name = "Pods-Google-GoogleUITests.release.xcconfig"; path = "Target Support Files/Pods-Google-GoogleUITests/Pods-Google-GoogleUITests.release.xcconfig"; sourceTree = "<group>"; };
		3BEF93D8AAA7F4A799D525DB /* Pods-GoogleTests.debug.xcconfig */ = {isa = PBXFileReference; includeInIndex = 1; lastKnownFileType = text.xcconfig; name = "Pods-GoogleTests.debug.xcconfig"; path = "Target Support Files/Pods-GoogleTests/Pods-GoogleTests.debug.xcconfig"; sourceTree = "<group>"; };
		4B092D34892E46784720D6B4 /* Pods_Google_GoogleUITests.framework */ = {isa = PBXFileReference; explicitFileType = wrapper.framework; includeInIndex = 0; path = Pods_Google_GoogleUITests.framework; sourceTree = BUILT_PRODUCTS_DIR; };
		54BB6D0FC35E17AD828B2F5F /* Pods-Google.debug.xcconfig */ = {isa = PBXFileReference; includeInIndex = 1; lastKnownFileType = text.xcconfig; name = "Pods-Google.debug.xcconfig"; path = "Target Support Files/Pods-Google/Pods-Google.debug.xcconfig"; sourceTree = "<group>"; };
		86B15DA90560736958C3D8B2 /* Pods_Google.framework */ = {isa = PBXFileReference; explicitFileType = wrapper.framework; includeInIndex = 0; path = Pods_Google.framework; sourceTree = BUILT_PRODUCTS_DIR; };
		AF2E5127EAE1B26B56A6BDAF /* Pods-GoogleTests.release.xcconfig */ = {isa = PBXFileReference; includeInIndex = 1; lastKnownFileType = text.xcconfig; name = "Pods-GoogleTests.release.xcconfig"; path = "Target Support Files/Pods-GoogleTests/Pods-GoogleTests.release.xcconfig"; sourceTree = "<group>"; };
		CD2E88B60B34EBABB1EED403 /* Pods-Google-GoogleUITests.debug.xcconfig */ = {isa = PBXFileReference; includeInIndex = 1; lastKnownFileType = text.xcconfig; name = "Pods-Google-GoogleUITests.debug.xcconfig"; path = "Target Support Files/Pods-Google-GoogleUITests/Pods-Google-GoogleUITests.debug.xcconfig"; sourceTree = "<group>"; };
		D11B43F3AD139DCF5E21BE91 /* Pods_GoogleTests.framework */ = {isa = PBXFileReference; explicitFileType = wrapper.framework; includeInIndex = 0; path = Pods_GoogleTests.framework; sourceTree = BUILT_PRODUCTS_DIR; };
		D7F3883225ED9DA400E84189 /* Google.app */ = {isa = PBXFileReference; explicitFileType = wrapper.application; includeInIndex = 0; path = Google.app; sourceTree = BUILT_PRODUCTS_DIR; };
		D7F3883525ED9DA400E84189 /* AppDelegate.swift */ = {isa = PBXFileReference; lastKnownFileType = sourcecode.swift; path = AppDelegate.swift; sourceTree = "<group>"; };
		D7F3883725ED9DA400E84189 /* SceneDelegate.swift */ = {isa = PBXFileReference; lastKnownFileType = sourcecode.swift; path = SceneDelegate.swift; sourceTree = "<group>"; };
		D7F3883925ED9DA400E84189 /* ViewController.swift */ = {isa = PBXFileReference; lastKnownFileType = sourcecode.swift; path = ViewController.swift; sourceTree = "<group>"; };
		D7F3883C25ED9DA400E84189 /* Base */ = {isa = PBXFileReference; lastKnownFileType = file.storyboard; name = Base; path = Base.lproj/Main.storyboard; sourceTree = "<group>"; };
		D7F3883E25ED9DA600E84189 /* Assets.xcassets */ = {isa = PBXFileReference; lastKnownFileType = folder.assetcatalog; path = Assets.xcassets; sourceTree = "<group>"; };
		D7F3884125ED9DA600E84189 /* Base */ = {isa = PBXFileReference; lastKnownFileType = file.storyboard; name = Base; path = Base.lproj/LaunchScreen.storyboard; sourceTree = "<group>"; };
		D7F3884325ED9DA600E84189 /* Info.plist */ = {isa = PBXFileReference; lastKnownFileType = text.plist.xml; path = Info.plist; sourceTree = "<group>"; };
		D7F3884825ED9DA600E84189 /* GoogleTests.xctest */ = {isa = PBXFileReference; explicitFileType = wrapper.cfbundle; includeInIndex = 0; path = GoogleTests.xctest; sourceTree = BUILT_PRODUCTS_DIR; };
		D7F3884C25ED9DA600E84189 /* GoogleTests.swift */ = {isa = PBXFileReference; lastKnownFileType = sourcecode.swift; path = GoogleTests.swift; sourceTree = "<group>"; };
		D7F3884E25ED9DA600E84189 /* Info.plist */ = {isa = PBXFileReference; lastKnownFileType = text.plist.xml; path = Info.plist; sourceTree = "<group>"; };
		D7F3885325ED9DA600E84189 /* GoogleUITests.xctest */ = {isa = PBXFileReference; explicitFileType = wrapper.cfbundle; includeInIndex = 0; path = GoogleUITests.xctest; sourceTree = BUILT_PRODUCTS_DIR; };
		D7F3885725ED9DA600E84189 /* GoogleUITests.swift */ = {isa = PBXFileReference; lastKnownFileType = sourcecode.swift; path = GoogleUITests.swift; sourceTree = "<group>"; };
		D7F3885925ED9DA600E84189 /* Info.plist */ = {isa = PBXFileReference; lastKnownFileType = text.plist.xml; path = Info.plist; sourceTree = "<group>"; };
		D7F3886725EDA00A00E84189 /* GoogleService-Info.plist */ = {isa = PBXFileReference; fileEncoding = 4; lastKnownFileType = text.plist.xml; path = "GoogleService-Info.plist"; sourceTree = "<group>"; };
		E3F0DA2E28FB74D477E8BA12 /* Pods-Google.release.xcconfig */ = {isa = PBXFileReference; includeInIndex = 1; lastKnownFileType = text.xcconfig; name = "Pods-Google.release.xcconfig"; path = "Target Support Files/Pods-Google/Pods-Google.release.xcconfig"; sourceTree = "<group>"; };
/* End PBXFileReference section */

/* Begin PBXFrameworksBuildPhase section */
		D7F3882F25ED9DA400E84189 /* Frameworks */ = {
			isa = PBXFrameworksBuildPhase;
			buildActionMask = 2147483647;
			files = (
				0F3279DF084D92F71AEBD65F /* Pods_Google.framework in Frameworks */,
			);
			runOnlyForDeploymentPostprocessing = 0;
		};
		D7F3884525ED9DA600E84189 /* Frameworks */ = {
			isa = PBXFrameworksBuildPhase;
			buildActionMask = 2147483647;
			files = (
				055EF17793F2328C788D6821 /* Pods_GoogleTests.framework in Frameworks */,
			);
			runOnlyForDeploymentPostprocessing = 0;
		};
		D7F3885025ED9DA600E84189 /* Frameworks */ = {
			isa = PBXFrameworksBuildPhase;
			buildActionMask = 2147483647;
			files = (
				32117593721BAE3C18096A7F /* Pods_Google_GoogleUITests.framework in Frameworks */,
			);
			runOnlyForDeploymentPostprocessing = 0;
		};
/* End PBXFrameworksBuildPhase section */

/* Begin PBXGroup section */
		5007106E13A28F35CF6D1FA8 /* Pods */ = {
			isa = PBXGroup;
			children = (
				54BB6D0FC35E17AD828B2F5F /* Pods-Google.debug.xcconfig */,
				E3F0DA2E28FB74D477E8BA12 /* Pods-Google.release.xcconfig */,
				CD2E88B60B34EBABB1EED403 /* Pods-Google-GoogleUITests.debug.xcconfig */,
				09819C10F6A129109119FD33 /* Pods-Google-GoogleUITests.release.xcconfig */,
				3BEF93D8AAA7F4A799D525DB /* Pods-GoogleTests.debug.xcconfig */,
				AF2E5127EAE1B26B56A6BDAF /* Pods-GoogleTests.release.xcconfig */,
			);
			path = Pods;
			sourceTree = "<group>";
		};
		589A191FC410C794791EDA21 /* Frameworks */ = {
			isa = PBXGroup;
			children = (
				86B15DA90560736958C3D8B2 /* Pods_Google.framework */,
				4B092D34892E46784720D6B4 /* Pods_Google_GoogleUITests.framework */,
				D11B43F3AD139DCF5E21BE91 /* Pods_GoogleTests.framework */,
			);
			name = Frameworks;
			sourceTree = "<group>";
		};
		D7F3882925ED9DA400E84189 = {
			isa = PBXGroup;
			children = (
				D7F3883425ED9DA400E84189 /* Google */,
				D7F3884B25ED9DA600E84189 /* GoogleTests */,
				D7F3885625ED9DA600E84189 /* GoogleUITests */,
				D7F3883325ED9DA400E84189 /* Products */,
				5007106E13A28F35CF6D1FA8 /* Pods */,
				589A191FC410C794791EDA21 /* Frameworks */,
			);
			sourceTree = "<group>";
		};
		D7F3883325ED9DA400E84189 /* Products */ = {
			isa = PBXGroup;
			children = (
				D7F3883225ED9DA400E84189 /* Google.app */,
				D7F3884825ED9DA600E84189 /* GoogleTests.xctest */,
				D7F3885325ED9DA600E84189 /* GoogleUITests.xctest */,
			);
			name = Products;
			sourceTree = "<group>";
		};
		D7F3883425ED9DA400E84189 /* Google */ = {
			isa = PBXGroup;
			children = (
				D7F3886725EDA00A00E84189 /* GoogleService-Info.plist */,
				D7F3883525ED9DA400E84189 /* AppDelegate.swift */,
				D7F3883725ED9DA400E84189 /* SceneDelegate.swift */,
				D7F3883925ED9DA400E84189 /* ViewController.swift */,
				D7F3883B25ED9DA400E84189 /* Main.storyboard */,
				D7F3883E25ED9DA600E84189 /* Assets.xcassets */,
				D7F3884025ED9DA600E84189 /* LaunchScreen.storyboard */,
				D7F3884325ED9DA600E84189 /* Info.plist */,
			);
			path = Google;
			sourceTree = "<group>";
		};
		D7F3884B25ED9DA600E84189 /* GoogleTests */ = {
			isa = PBXGroup;
			children = (
				D7F3884C25ED9DA600E84189 /* GoogleTests.swift */,
				D7F3884E25ED9DA600E84189 /* Info.plist */,
			);
			path = GoogleTests;
			sourceTree = "<group>";
		};
		D7F3885625ED9DA600E84189 /* GoogleUITests */ = {
			isa = PBXGroup;
			children = (
				D7F3885725ED9DA600E84189 /* GoogleUITests.swift */,
				D7F3885925ED9DA600E84189 /* Info.plist */,
			);
			path = GoogleUITests;
			sourceTree = "<group>";
		};
/* End PBXGroup section */

/* Begin PBXNativeTarget section */
		D7F3883125ED9DA400E84189 /* Google */ = {
			isa = PBXNativeTarget;
			buildConfigurationList = D7F3885C25ED9DA600E84189 /* Build configuration list for PBXNativeTarget "Google" */;
			buildPhases = (
				212C8E870BF3A8DD1FA0B392 /* [CP] Check Pods Manifest.lock */,
				D7F3882E25ED9DA400E84189 /* Sources */,
				D7F3882F25ED9DA400E84189 /* Frameworks */,
				D7F3883025ED9DA400E84189 /* Resources */,
				1E941F5E7C06AFC81594BB58 /* [CP] Embed Pods Frameworks */,
				820CDBC5C72455D41D32B01C /* [CP] Copy Pods Resources */,
			);
			buildRules = (
			);
			dependencies = (
			);
			name = Google;
			productName = Google;
			productReference = D7F3883225ED9DA400E84189 /* Google.app */;
			productType = "com.apple.product-type.application";
		};
		D7F3884725ED9DA600E84189 /* GoogleTests */ = {
			isa = PBXNativeTarget;
			buildConfigurationList = D7F3885F25ED9DA600E84189 /* Build configuration list for PBXNativeTarget "GoogleTests" */;
			buildPhases = (
				ED26906D8CDB8CD668ED8C7A /* [CP] Check Pods Manifest.lock */,
				D7F3884425ED9DA600E84189 /* Sources */,
				D7F3884525ED9DA600E84189 /* Frameworks */,
				D7F3884625ED9DA600E84189 /* Resources */,
			);
			buildRules = (
			);
			dependencies = (
				D7F3884A25ED9DA600E84189 /* PBXTargetDependency */,
			);
			name = GoogleTests;
			productName = GoogleTests;
			productReference = D7F3884825ED9DA600E84189 /* GoogleTests.xctest */;
			productType = "com.apple.product-type.bundle.unit-test";
		};
		D7F3885225ED9DA600E84189 /* GoogleUITests */ = {
			isa = PBXNativeTarget;
			buildConfigurationList = D7F3886225ED9DA600E84189 /* Build configuration list for PBXNativeTarget "GoogleUITests" */;
			buildPhases = (
				5F578EE1141B7EF845EB2802 /* [CP] Check Pods Manifest.lock */,
				D7F3884F25ED9DA600E84189 /* Sources */,
				D7F3885025ED9DA600E84189 /* Frameworks */,
				D7F3885125ED9DA600E84189 /* Resources */,
				87E0E17C651578C7C6FCCFFB /* [CP] Embed Pods Frameworks */,
				2A0DA8FD3E114355A5352C8D /* [CP] Copy Pods Resources */,
			);
			buildRules = (
			);
			dependencies = (
				D7F3885525ED9DA600E84189 /* PBXTargetDependency */,
			);
			name = GoogleUITests;
			productName = GoogleUITests;
			productReference = D7F3885325ED9DA600E84189 /* GoogleUITests.xctest */;
			productType = "com.apple.product-type.bundle.ui-testing";
		};
/* End PBXNativeTarget section */

/* Begin PBXProject section */
		D7F3882A25ED9DA400E84189 /* Project object */ = {
			isa = PBXProject;
			attributes = {
				LastSwiftUpdateCheck = 1250;
				LastUpgradeCheck = 1250;
				TargetAttributes = {
					D7F3883125ED9DA400E84189 = {
						CreatedOnToolsVersion = 12.5;
					};
					D7F3884725ED9DA600E84189 = {
						CreatedOnToolsVersion = 12.5;
						TestTargetID = D7F3883125ED9DA400E84189;
					};
					D7F3885225ED9DA600E84189 = {
						CreatedOnToolsVersion = 12.5;
						TestTargetID = D7F3883125ED9DA400E84189;
					};
				};
			};
			buildConfigurationList = D7F3882D25ED9DA400E84189 /* Build configuration list for PBXProject "Google" */;
			compatibilityVersion = "Xcode 9.3";
			developmentRegion = en;
			hasScannedForEncodings = 0;
			knownRegions = (
				en,
				Base,
			);
			mainGroup = D7F3882925ED9DA400E84189;
			productRefGroup = D7F3883325ED9DA400E84189 /* Products */;
			projectDirPath = "";
			projectRoot = "";
			targets = (
				D7F3883125ED9DA400E84189 /* Google */,
				D7F3884725ED9DA600E84189 /* GoogleTests */,
				D7F3885225ED9DA600E84189 /* GoogleUITests */,
			);
		};
/* End PBXProject section */

/* Begin PBXResourcesBuildPhase section */
		D7F3883025ED9DA400E84189 /* Resources */ = {
			isa = PBXResourcesBuildPhase;
			buildActionMask = 2147483647;
			files = (
				D7F3884225ED9DA600E84189 /* LaunchScreen.storyboard in Resources */,
				D7F3886825EDA00A00E84189 /* GoogleService-Info.plist in Resources */,
				D7F3883F25ED9DA600E84189 /* Assets.xcassets in Resources */,
				D7F3883D25ED9DA400E84189 /* Main.storyboard in Resources */,
			);
			runOnlyForDeploymentPostprocessing = 0;
		};
		D7F3884625ED9DA600E84189 /* Resources */ = {
			isa = PBXResourcesBuildPhase;
			buildActionMask = 2147483647;
			files = (
			);
			runOnlyForDeploymentPostprocessing = 0;
		};
		D7F3885125ED9DA600E84189 /* Resources */ = {
			isa = PBXResourcesBuildPhase;
			buildActionMask = 2147483647;
			files = (
			);
			runOnlyForDeploymentPostprocessing = 0;
		};
/* End PBXResourcesBuildPhase section */

/* Begin PBXShellScriptBuildPhase section */
		1E941F5E7C06AFC81594BB58 /* [CP] Embed Pods Frameworks */ = {
			isa = PBXShellScriptBuildPhase;
			buildActionMask = 2147483647;
			files = (
			);
			inputFileListPaths = (
				"${PODS_ROOT}/Target Support Files/Pods-Google/Pods-Google-frameworks-${CONFIGURATION}-input-files.xcfilelist",
			);
			name = "[CP] Embed Pods Frameworks";
			outputFileListPaths = (
				"${PODS_ROOT}/Target Support Files/Pods-Google/Pods-Google-frameworks-${CONFIGURATION}-output-files.xcfilelist",
			);
			runOnlyForDeploymentPostprocessing = 0;
			shellPath = /bin/sh;
			shellScript = "\"${PODS_ROOT}/Target Support Files/Pods-Google/Pods-Google-frameworks.sh\"\n";
			showEnvVarsInLog = 0;
		};
		212C8E870BF3A8DD1FA0B392 /* [CP] Check Pods Manifest.lock */ = {
			isa = PBXShellScriptBuildPhase;
			buildActionMask = 2147483647;
			files = (
			);
			inputFileListPaths = (
			);
			inputPaths = (
				"${PODS_PODFILE_DIR_PATH}/Podfile.lock",
				"${PODS_ROOT}/Manifest.lock",
			);
			name = "[CP] Check Pods Manifest.lock";
			outputFileListPaths = (
			);
			outputPaths = (
				"$(DERIVED_FILE_DIR)/Pods-Google-checkManifestLockResult.txt",
			);
			runOnlyForDeploymentPostprocessing = 0;
			shellPath = /bin/sh;
			shellScript = "diff \"${PODS_PODFILE_DIR_PATH}/Podfile.lock\" \"${PODS_ROOT}/Manifest.lock\" > /dev/null\nif [ $? != 0 ] ; then\n    # print error to STDERR\n    echo \"error: The sandbox is not in sync with the Podfile.lock. Run 'pod install' or update your CocoaPods installation.\" >&2\n    exit 1\nfi\n# This output is used by Xcode 'outputs' to avoid re-running this script phase.\necho \"SUCCESS\" > \"${SCRIPT_OUTPUT_FILE_0}\"\n";
			showEnvVarsInLog = 0;
		};
		2A0DA8FD3E114355A5352C8D /* [CP] Copy Pods Resources */ = {
			isa = PBXShellScriptBuildPhase;
			buildActionMask = 2147483647;
			files = (
			);
			inputFileListPaths = (
				"${PODS_ROOT}/Target Support Files/Pods-Google-GoogleUITests/Pods-Google-GoogleUITests-resources-${CONFIGURATION}-input-files.xcfilelist",
			);
			name = "[CP] Copy Pods Resources";
			outputFileListPaths = (
				"${PODS_ROOT}/Target Support Files/Pods-Google-GoogleUITests/Pods-Google-GoogleUITests-resources-${CONFIGURATION}-output-files.xcfilelist",
			);
			runOnlyForDeploymentPostprocessing = 0;
			shellPath = /bin/sh;
			shellScript = "\"${PODS_ROOT}/Target Support Files/Pods-Google-GoogleUITests/Pods-Google-GoogleUITests-resources.sh\"\n";
			showEnvVarsInLog = 0;
		};
		5F578EE1141B7EF845EB2802 /* [CP] Check Pods Manifest.lock */ = {
			isa = PBXShellScriptBuildPhase;
			buildActionMask = 2147483647;
			files = (
			);
			inputFileListPaths = (
			);
			inputPaths = (
				"${PODS_PODFILE_DIR_PATH}/Podfile.lock",
				"${PODS_ROOT}/Manifest.lock",
			);
			name = "[CP] Check Pods Manifest.lock";
			outputFileListPaths = (
			);
			outputPaths = (
				"$(DERIVED_FILE_DIR)/Pods-Google-GoogleUITests-checkManifestLockResult.txt",
			);
			runOnlyForDeploymentPostprocessing = 0;
			shellPath = /bin/sh;
			shellScript = "diff \"${PODS_PODFILE_DIR_PATH}/Podfile.lock\" \"${PODS_ROOT}/Manifest.lock\" > /dev/null\nif [ $? != 0 ] ; then\n    # print error to STDERR\n    echo \"error: The sandbox is not in sync with the Podfile.lock. Run 'pod install' or update your CocoaPods installation.\" >&2\n    exit 1\nfi\n# This output is used by Xcode 'outputs' to avoid re-running this script phase.\necho \"SUCCESS\" > \"${SCRIPT_OUTPUT_FILE_0}\"\n";
			showEnvVarsInLog = 0;
		};
		820CDBC5C72455D41D32B01C /* [CP] Copy Pods Resources */ = {
			isa = PBXShellScriptBuildPhase;
			buildActionMask = 2147483647;
			files = (
			);
			inputFileListPaths = (
				"${PODS_ROOT}/Target Support Files/Pods-Google/Pods-Google-resources-${CONFIGURATION}-input-files.xcfilelist",
			);
			name = "[CP] Copy Pods Resources";
			outputFileListPaths = (
				"${PODS_ROOT}/Target Support Files/Pods-Google/Pods-Google-resources-${CONFIGURATION}-output-files.xcfilelist",
			);
			runOnlyForDeploymentPostprocessing = 0;
			shellPath = /bin/sh;
			shellScript = "\"${PODS_ROOT}/Target Support Files/Pods-Google/Pods-Google-resources.sh\"\n";
			showEnvVarsInLog = 0;
		};
		87E0E17C651578C7C6FCCFFB /* [CP] Embed Pods Frameworks */ = {
			isa = PBXShellScriptBuildPhase;
			buildActionMask = 2147483647;
			files = (
			);
			inputFileListPaths = (
				"${PODS_ROOT}/Target Support Files/Pods-Google-GoogleUITests/Pods-Google-GoogleUITests-frameworks-${CONFIGURATION}-input-files.xcfilelist",
			);
			name = "[CP] Embed Pods Frameworks";
			outputFileListPaths = (
				"${PODS_ROOT}/Target Support Files/Pods-Google-GoogleUITests/Pods-Google-GoogleUITests-frameworks-${CONFIGURATION}-output-files.xcfilelist",
			);
			runOnlyForDeploymentPostprocessing = 0;
			shellPath = /bin/sh;
			shellScript = "\"${PODS_ROOT}/Target Support Files/Pods-Google-GoogleUITests/Pods-Google-GoogleUITests-frameworks.sh\"\n";
			showEnvVarsInLog = 0;
		};
		ED26906D8CDB8CD668ED8C7A /* [CP] Check Pods Manifest.lock */ = {
			isa = PBXShellScriptBuildPhase;
			buildActionMask = 2147483647;
			files = (
			);
			inputFileListPaths = (
			);
			inputPaths = (
				"${PODS_PODFILE_DIR_PATH}/Podfile.lock",
				"${PODS_ROOT}/Manifest.lock",
			);
			name = "[CP] Check Pods Manifest.lock";
			outputFileListPaths = (
			);
			outputPaths = (
				"$(DERIVED_FILE_DIR)/Pods-GoogleTests-checkManifestLockResult.txt",
			);
			runOnlyForDeploymentPostprocessing = 0;
			shellPath = /bin/sh;
			shellScript = "diff \"${PODS_PODFILE_DIR_PATH}/Podfile.lock\" \"${PODS_ROOT}/Manifest.lock\" > /dev/null\nif [ $? != 0 ] ; then\n    # print error to STDERR\n    echo \"error: The sandbox is not in sync with the Podfile.lock. Run 'pod install' or update your CocoaPods installation.\" >&2\n    exit 1\nfi\n# This output is used by Xcode 'outputs' to avoid re-running this script phase.\necho \"SUCCESS\" > \"${SCRIPT_OUTPUT_FILE_0}\"\n";
			showEnvVarsInLog = 0;
		};
/* End PBXShellScriptBuildPhase section */

/* Begin PBXSourcesBuildPhase section */
		D7F3882E25ED9DA400E84189 /* Sources */ = {
			isa = PBXSourcesBuildPhase;
			buildActionMask = 2147483647;
			files = (
				D7F3883A25ED9DA400E84189 /* ViewController.swift in Sources */,
				D7F3883625ED9DA400E84189 /* AppDelegate.swift in Sources */,
				D7F3883825ED9DA400E84189 /* SceneDelegate.swift in Sources */,
			);
			runOnlyForDeploymentPostprocessing = 0;
		};
		D7F3884425ED9DA600E84189 /* Sources */ = {
			isa = PBXSourcesBuildPhase;
			buildActionMask = 2147483647;
			files = (
				D7F3884D25ED9DA600E84189 /* GoogleTests.swift in Sources */,
			);
			runOnlyForDeploymentPostprocessing = 0;
		};
		D7F3884F25ED9DA600E84189 /* Sources */ = {
			isa = PBXSourcesBuildPhase;
			buildActionMask = 2147483647;
			files = (
				D7F3885825ED9DA600E84189 /* GoogleUITests.swift in Sources */,
			);
			runOnlyForDeploymentPostprocessing = 0;
		};
/* End PBXSourcesBuildPhase section */

/* Begin PBXTargetDependency section */
		D7F3884A25ED9DA600E84189 /* PBXTargetDependency */ = {
			isa = PBXTargetDependency;
			target = D7F3883125ED9DA400E84189 /* Google */;
			targetProxy = D7F3884925ED9DA600E84189 /* PBXContainerItemProxy */;
		};
		D7F3885525ED9DA600E84189 /* PBXTargetDependency */ = {
			isa = PBXTargetDependency;
			target = D7F3883125ED9DA400E84189 /* Google */;
			targetProxy = D7F3885425ED9DA600E84189 /* PBXContainerItemProxy */;
		};
/* End PBXTargetDependency section */

/* Begin PBXVariantGroup section */
		D7F3883B25ED9DA400E84189 /* Main.storyboard */ = {
			isa = PBXVariantGroup;
			children = (
				D7F3883C25ED9DA400E84189 /* Base */,
			);
			name = Main.storyboard;
			sourceTree = "<group>";
		};
		D7F3884025ED9DA600E84189 /* LaunchScreen.storyboard */ = {
			isa = PBXVariantGroup;
			children = (
				D7F3884125ED9DA600E84189 /* Base */,
			);
			name = LaunchScreen.storyboard;
			sourceTree = "<group>";
		};
/* End PBXVariantGroup section */

/* Begin XCBuildConfiguration section */
		D7F3885A25ED9DA600E84189 /* Debug */ = {
			isa = XCBuildConfiguration;
			buildSettings = {
				ALWAYS_SEARCH_USER_PATHS = NO;
				CLANG_ANALYZER_NONNULL = YES;
				CLANG_ANALYZER_NUMBER_OBJECT_CONVERSION = YES_AGGRESSIVE;
				CLANG_CXX_LANGUAGE_STANDARD = "gnu++14";
				CLANG_CXX_LIBRARY = "libc++";
				CLANG_ENABLE_MODULES = YES;
				CLANG_ENABLE_OBJC_ARC = YES;
				CLANG_ENABLE_OBJC_WEAK = YES;
				CLANG_WARN_BLOCK_CAPTURE_AUTORELEASING = YES;
				CLANG_WARN_BOOL_CONVERSION = YES;
				CLANG_WARN_COMMA = YES;
				CLANG_WARN_CONSTANT_CONVERSION = YES;
				CLANG_WARN_DEPRECATED_OBJC_IMPLEMENTATIONS = YES;
				CLANG_WARN_DIRECT_OBJC_ISA_USAGE = YES_ERROR;
				CLANG_WARN_DOCUMENTATION_COMMENTS = YES;
				CLANG_WARN_EMPTY_BODY = YES;
				CLANG_WARN_ENUM_CONVERSION = YES;
				CLANG_WARN_INFINITE_RECURSION = YES;
				CLANG_WARN_INT_CONVERSION = YES;
				CLANG_WARN_NON_LITERAL_NULL_CONVERSION = YES;
				CLANG_WARN_OBJC_IMPLICIT_RETAIN_SELF = YES;
				CLANG_WARN_OBJC_LITERAL_CONVERSION = YES;
				CLANG_WARN_OBJC_ROOT_CLASS = YES_ERROR;
				CLANG_WARN_QUOTED_INCLUDE_IN_FRAMEWORK_HEADER = YES;
				CLANG_WARN_RANGE_LOOP_ANALYSIS = YES;
				CLANG_WARN_STRICT_PROTOTYPES = YES;
				CLANG_WARN_SUSPICIOUS_MOVE = YES;
				CLANG_WARN_UNGUARDED_AVAILABILITY = YES_AGGRESSIVE;
				CLANG_WARN_UNREACHABLE_CODE = YES;
				CLANG_WARN__DUPLICATE_METHOD_MATCH = YES;
				COPY_PHASE_STRIP = NO;
				DEBUG_INFORMATION_FORMAT = dwarf;
				ENABLE_STRICT_OBJC_MSGSEND = YES;
				ENABLE_TESTABILITY = YES;
				GCC_C_LANGUAGE_STANDARD = gnu11;
				GCC_DYNAMIC_NO_PIC = NO;
				GCC_NO_COMMON_BLOCKS = YES;
				GCC_OPTIMIZATION_LEVEL = 0;
				GCC_PREPROCESSOR_DEFINITIONS = (
					"DEBUG=1",
					"$(inherited)",
				);
				GCC_WARN_64_TO_32_BIT_CONVERSION = YES;
				GCC_WARN_ABOUT_RETURN_TYPE = YES_ERROR;
				GCC_WARN_UNDECLARED_SELECTOR = YES;
				GCC_WARN_UNINITIALIZED_AUTOS = YES_AGGRESSIVE;
				GCC_WARN_UNUSED_FUNCTION = YES;
				GCC_WARN_UNUSED_VARIABLE = YES;
				IPHONEOS_DEPLOYMENT_TARGET = 14.5;
				MTL_ENABLE_DEBUG_INFO = INCLUDE_SOURCE;
				MTL_FAST_MATH = YES;
				ONLY_ACTIVE_ARCH = YES;
				SDKROOT = iphoneos;
				SWIFT_ACTIVE_COMPILATION_CONDITIONS = DEBUG;
				SWIFT_OPTIMIZATION_LEVEL = "-Onone";
			};
			name = Debug;
		};
		D7F3885B25ED9DA600E84189 /* Release */ = {
			isa = XCBuildConfiguration;
			buildSettings = {
				ALWAYS_SEARCH_USER_PATHS = NO;
				CLANG_ANALYZER_NONNULL = YES;
				CLANG_ANALYZER_NUMBER_OBJECT_CONVERSION = YES_AGGRESSIVE;
				CLANG_CXX_LANGUAGE_STANDARD = "gnu++14";
				CLANG_CXX_LIBRARY = "libc++";
				CLANG_ENABLE_MODULES = YES;
				CLANG_ENABLE_OBJC_ARC = YES;
				CLANG_ENABLE_OBJC_WEAK = YES;
				CLANG_WARN_BLOCK_CAPTURE_AUTORELEASING = YES;
				CLANG_WARN_BOOL_CONVERSION = YES;
				CLANG_WARN_COMMA = YES;
				CLANG_WARN_CONSTANT_CONVERSION = YES;
				CLANG_WARN_DEPRECATED_OBJC_IMPLEMENTATIONS = YES;
				CLANG_WARN_DIRECT_OBJC_ISA_USAGE = YES_ERROR;
				CLANG_WARN_DOCUMENTATION_COMMENTS = YES;
				CLANG_WARN_EMPTY_BODY = YES;
				CLANG_WARN_ENUM_CONVERSION = YES;
				CLANG_WARN_INFINITE_RECURSION = YES;
				CLANG_WARN_INT_CONVERSION = YES;
				CLANG_WARN_NON_LITERAL_NULL_CONVERSION = YES;
				CLANG_WARN_OBJC_IMPLICIT_RETAIN_SELF = YES;
				CLANG_WARN_OBJC_LITERAL_CONVERSION = YES;
				CLANG_WARN_OBJC_ROOT_CLASS = YES_ERROR;
				CLANG_WARN_QUOTED_INCLUDE_IN_FRAMEWORK_HEADER = YES;
				CLANG_WARN_RANGE_LOOP_ANALYSIS = YES;
				CLANG_WARN_STRICT_PROTOTYPES = YES;
				CLANG_WARN_SUSPICIOUS_MOVE = YES;
				CLANG_WARN_UNGUARDED_AVAILABILITY = YES_AGGRESSIVE;
				CLANG_WARN_UNREACHABLE_CODE = YES;
				CLANG_WARN__DUPLICATE_METHOD_MATCH = YES;
				COPY_PHASE_STRIP = NO;
				DEBUG_INFORMATION_FORMAT = "dwarf-with-dsym";
				ENABLE_NS_ASSERTIONS = NO;
				ENABLE_STRICT_OBJC_MSGSEND = YES;
				GCC_C_LANGUAGE_STANDARD = gnu11;
				GCC_NO_COMMON_BLOCKS = YES;
				GCC_WARN_64_TO_32_BIT_CONVERSION = YES;
				GCC_WARN_ABOUT_RETURN_TYPE = YES_ERROR;
				GCC_WARN_UNDECLARED_SELECTOR = YES;
				GCC_WARN_UNINITIALIZED_AUTOS = YES_AGGRESSIVE;
				GCC_WARN_UNUSED_FUNCTION = YES;
				GCC_WARN_UNUSED_VARIABLE = YES;
				IPHONEOS_DEPLOYMENT_TARGET = 14.5;
				MTL_ENABLE_DEBUG_INFO = NO;
				MTL_FAST_MATH = YES;
				SDKROOT = iphoneos;
				SWIFT_COMPILATION_MODE = wholemodule;
				SWIFT_OPTIMIZATION_LEVEL = "-O";
				VALIDATE_PRODUCT = YES;
			};
			name = Release;
		};
		D7F3885D25ED9DA600E84189 /* Debug */ = {
			isa = XCBuildConfiguration;
			baseConfigurationReference = 54BB6D0FC35E17AD828B2F5F /* Pods-Google.debug.xcconfig */;
			buildSettings = {
				ASSETCATALOG_COMPILER_APPICON_NAME = AppIcon;
				ASSETCATALOG_COMPILER_GLOBAL_ACCENT_COLOR_NAME = AccentColor;
				CODE_SIGN_STYLE = Automatic;
				DEVELOPMENT_TEAM = 7NLSMQ8RGS;
				INFOPLIST_FILE = Google/Info.plist;
				LD_RUNPATH_SEARCH_PATHS = (
					"$(inherited)",
					"@executable_path/Frameworks",
				);
				PRODUCT_BUNDLE_IDENTIFIER = elifbasak.Google;
				PRODUCT_NAME = "$(TARGET_NAME)";
				SWIFT_VERSION = 5.0;
				TARGETED_DEVICE_FAMILY = "1,2";
			};
			name = Debug;
		};
		D7F3885E25ED9DA600E84189 /* Release */ = {
			isa = XCBuildConfiguration;
			baseConfigurationReference = E3F0DA2E28FB74D477E8BA12 /* Pods-Google.release.xcconfig */;
			buildSettings = {
				ASSETCATALOG_COMPILER_APPICON_NAME = AppIcon;
				ASSETCATALOG_COMPILER_GLOBAL_ACCENT_COLOR_NAME = AccentColor;
				CODE_SIGN_STYLE = Automatic;
				DEVELOPMENT_TEAM = 7NLSMQ8RGS;
				INFOPLIST_FILE = Google/Info.plist;
				LD_RUNPATH_SEARCH_PATHS = (
					"$(inherited)",
					"@executable_path/Frameworks",
				);
				PRODUCT_BUNDLE_IDENTIFIER = elifbasak.Google;
				PRODUCT_NAME = "$(TARGET_NAME)";
				SWIFT_VERSION = 5.0;
				TARGETED_DEVICE_FAMILY = "1,2";
			};
			name = Release;
		};
		D7F3886025ED9DA600E84189 /* Debug */ = {
			isa = XCBuildConfiguration;
			baseConfigurationReference = 3BEF93D8AAA7F4A799D525DB /* Pods-GoogleTests.debug.xcconfig */;
			buildSettings = {
				ALWAYS_EMBED_SWIFT_STANDARD_LIBRARIES = YES;
				BUNDLE_LOADER = "$(TEST_HOST)";
				CODE_SIGN_STYLE = Automatic;
				DEVELOPMENT_TEAM = 7NLSMQ8RGS;
				INFOPLIST_FILE = GoogleTests/Info.plist;
				IPHONEOS_DEPLOYMENT_TARGET = 14.5;
				LD_RUNPATH_SEARCH_PATHS = (
					"$(inherited)",
					"@executable_path/Frameworks",
					"@loader_path/Frameworks",
				);
				PRODUCT_BUNDLE_IDENTIFIER = elifbasak.GoogleTests;
				PRODUCT_NAME = "$(TARGET_NAME)";
				SWIFT_VERSION = 5.0;
				TARGETED_DEVICE_FAMILY = "1,2";
				TEST_HOST = "$(BUILT_PRODUCTS_DIR)/Google.app/Google";
			};
			name = Debug;
		};
		D7F3886125ED9DA600E84189 /* Release */ = {
			isa = XCBuildConfiguration;
			baseConfigurationReference = AF2E5127EAE1B26B56A6BDAF /* Pods-GoogleTests.release.xcconfig */;
			buildSettings = {
				ALWAYS_EMBED_SWIFT_STANDARD_LIBRARIES = YES;
				BUNDLE_LOADER = "$(TEST_HOST)";
				CODE_SIGN_STYLE = Automatic;
				DEVELOPMENT_TEAM = 7NLSMQ8RGS;
				INFOPLIST_FILE = GoogleTests/Info.plist;
				IPHONEOS_DEPLOYMENT_TARGET = 14.5;
				LD_RUNPATH_SEARCH_PATHS = (
					"$(inherited)",
					"@executable_path/Frameworks",
					"@loader_path/Frameworks",
				);
				PRODUCT_BUNDLE_IDENTIFIER = elifbasak.GoogleTests;
				PRODUCT_NAME = "$(TARGET_NAME)";
				SWIFT_VERSION = 5.0;
				TARGETED_DEVICE_FAMILY = "1,2";
				TEST_HOST = "$(BUILT_PRODUCTS_DIR)/Google.app/Google";
			};
			name = Release;
		};
		D7F3886325ED9DA600E84189 /* Debug */ = {
			isa = XCBuildConfiguration;
			baseConfigurationReference = CD2E88B60B34EBABB1EED403 /* Pods-Google-GoogleUITests.debug.xcconfig */;
			buildSettings = {
				ALWAYS_EMBED_SWIFT_STANDARD_LIBRARIES = YES;
				CODE_SIGN_STYLE = Automatic;
				DEVELOPMENT_TEAM = 7NLSMQ8RGS;
				INFOPLIST_FILE = GoogleUITests/Info.plist;
				LD_RUNPATH_SEARCH_PATHS = (
					"$(inherited)",
					"@executable_path/Frameworks",
					"@loader_path/Frameworks",
				);
				PRODUCT_BUNDLE_IDENTIFIER = elifbasak.GoogleUITests;
				PRODUCT_NAME = "$(TARGET_NAME)";
				SWIFT_VERSION = 5.0;
				TARGETED_DEVICE_FAMILY = "1,2";
				TEST_TARGET_NAME = Google;
			};
			name = Debug;
		};
		D7F3886425ED9DA600E84189 /* Release */ = {
			isa = XCBuildConfiguration;
			baseConfigurationReference = 09819C10F6A129109119FD33 /* Pods-Google-GoogleUITests.release.xcconfig */;
			buildSettings = {
				ALWAYS_EMBED_SWIFT_STANDARD_LIBRARIES = YES;
				CODE_SIGN_STYLE = Automatic;
				DEVELOPMENT_TEAM = 7NLSMQ8RGS;
				INFOPLIST_FILE = GoogleUITests/Info.plist;
				LD_RUNPATH_SEARCH_PATHS = (
					"$(inherited)",
					"@executable_path/Frameworks",
					"@loader_path/Frameworks",
				);
				PRODUCT_BUNDLE_IDENTIFIER = elifbasak.GoogleUITests;
				PRODUCT_NAME = "$(TARGET_NAME)";
				SWIFT_VERSION = 5.0;
				TARGETED_DEVICE_FAMILY = "1,2";
				TEST_TARGET_NAME = Google;
			};
			name = Release;
		};
/* End XCBuildConfiguration section */

/* Begin XCConfigurationList section */
		D7F3882D25ED9DA400E84189 /* Build configuration list for PBXProject "Google" */ = {
			isa = XCConfigurationList;
			buildConfigurations = (
				D7F3885A25ED9DA600E84189 /* Debug */,
				D7F3885B25ED9DA600E84189 /* Release */,
			);
			defaultConfigurationIsVisible = 0;
			defaultConfigurationName = Release;
		};
		D7F3885C25ED9DA600E84189 /* Build configuration list for PBXNativeTarget "Google" */ = {
			isa = XCConfigurationList;
			buildConfigurations = (
				D7F3885D25ED9DA600E84189 /* Debug */,
				D7F3885E25ED9DA600E84189 /* Release */,
			);
			defaultConfigurationIsVisible = 0;
			defaultConfigurationName = Release;
		};
		D7F3885F25ED9DA600E84189 /* Build configuration list for PBXNativeTarget "GoogleTests" */ = {
			isa = XCConfigurationList;
			buildConfigurations = (
				D7F3886025ED9DA600E84189 /* Debug */,
				D7F3886125ED9DA600E84189 /* Release */,
			);
			defaultConfigurationIsVisible = 0;
			defaultConfigurationName = Release;
		};
		D7F3886225ED9DA600E84189 /* Build configuration list for PBXNativeTarget "GoogleUITests" */ = {
			isa = XCConfigurationList;
			buildConfigurations = (
				D7F3886325ED9DA600E84189 /* Debug */,
				D7F3886425ED9DA600E84189 /* Release */,
			);
			defaultConfigurationIsVisible = 0;
			defaultConfigurationName = Release;
		};
/* End XCConfigurationList section */
	};
	rootObject = D7F3882A25ED9DA400E84189 /* Project object */;
}
